
Microsoft Visual Studio Solution File, Format Version 12.00
# Visual Studio Version 17
VisualStudioVersion = 17.0.31903.59
MinimumVisualStudioVersion = 10.0.40219.1
Project("{9A19103F-16F7-4668-BE54-9A1E7A4F7556}") = "LicensePlateAdminSystem", "DN6SimpleWebWithAuth\LicensePlateAdminSystem.csproj", "{5A5757C6-F49A-4417-AB95-624E54A2B71E}"
EndProject
Project("{9A19103F-16F7-4668-BE54-9A1E7A4F7556}") = "LicensePlateDataModels", "LicensePlateDataModels\LicensePlateDataModels.csproj", "{7439F709-12E4-4324-B556-1D9A64831609}"
EndProject
Project("{FAE04EC0-301F-11D3-BF4B-00C04F79EFBC}") = "LicensePlateDataLibrary", "LicensePlateData\LicensePlateDataLibrary.csproj", "{22EA3BCB-E31D-4037-ADD0-DCF1FF0E1A23}"
EndProject
Global
	GlobalSection(SolutionConfigurationPlatforms) = preSolution
		Debug|Any CPU = Debug|Any CPU
		Release|Any CPU = Release|Any CPU
	EndGlobalSection
	GlobalSection(ProjectConfigurationPlatforms) = postSolution
		{5A5757C6-F49A-4417-AB95-624E54A2B71E}.Debug|Any CPU.ActiveCfg = Debug|Any CPU
		{5A5757C6-F49A-4417-AB95-624E54A2B71E}.Debug|Any CPU.Build.0 = Debug|Any CPU
		{5A5757C6-F49A-4417-AB95-624E54A2B71E}.Release|Any CPU.ActiveCfg = Release|Any CPU
		{5A5757C6-F49A-4417-AB95-624E54A2B71E}.Release|Any CPU.Build.0 = Release|Any CPU
		{7439F709-12E4-4324-B556-1D9A64831609}.Debug|Any CPU.ActiveCfg = Debug|Any CPU
		{7439F709-12E4-4324-B556-1D9A64831609}.Debug|Any CPU.Build.0 = Debug|Any CPU
		{7439F709-12E4-4324-B556-1D9A64831609}.Release|Any CPU.ActiveCfg = Release|Any CPU
		{7439F709-12E4-4324-B556-1D9A64831609}.Release|Any CPU.Build.0 = Release|Any CPU
		{22EA3BCB-E31D-4037-ADD0-DCF1FF0E1A23}.Debug|Any CPU.ActiveCfg = Debug|Any CPU
		{22EA3BCB-E31D-4037-ADD0-DCF1FF0E1A23}.Debug|Any CPU.Build.0 = Debug|Any CPU
		{22EA3BCB-E31D-4037-ADD0-DCF1FF0E1A23}.Release|Any CPU.ActiveCfg = Release|Any CPU
		{22EA3BCB-E31D-4037-ADD0-DCF1FF0E1A23}.Release|Any CPU.Build.0 = Release|Any CPU
	EndGlobalSection
	GlobalSection(SolutionProperties) = preSolution
		HideSolutionNode = FALSE
	EndGlobalSection
	GlobalSection(ExtensibilityGlobals) = postSolution
		SolutionGuid = {3FFFABAF-0DE2-4CCC-897F-E56C9674B5A7}
	EndGlobalSection
EndGlobal
